Microsoft Visual Studio Solution File, Format Version 12.00
# Visual Studio Version 17
VisualStudioVersion = 17.5.2.0
MinimumVisualStudioVersion = 10.0.40219.1
Project("{FAE04EC0-301F-11D3-BF4B-00C04F79EFBC}") = "JulklappApp", "JulklappApp.csproj", "{9730BDC1-9FDA-584A-9693-1FF418024DDA}"
EndProject
Global
	GlobalSection(SolutionConfigurationPlatforms) = preSolution
		Debug|Any CPU = Debug|Any CPU
		Release|Any CPU = Release|Any CPU
	EndGlobalSection
	GlobalSection(ProjectConfigurationPlatforms) = postSolution
		{9730BDC1-9FDA-584A-9693-1FF418024DDA}.Debug|Any CPU.ActiveCfg = Debug|Any CPU
		{9730BDC1-9FDA-584A-9693-1FF418024DDA}.Debug|Any CPU.Build.0 = Debug|Any CPU
		{9730BDC1-9FDA-584A-9693-1FF418024DDA}.Release|Any CPU.ActiveCfg = Release|Any CPU
		{9730BDC1-9FDA-584A-9693-1FF418024DDA}.Release|Any CPU.Build.0 = Release|Any CPU
	EndGlobalSection
	GlobalSection(SolutionProperties) = preSolution
		HideSolutionNode = FALSE
	EndGlobalSection
	GlobalSection(ExtensibilityGlobals) = postSolution
		SolutionGuid = {1363989F-3868-455E-A7C7-4A1B06CF9C42}
	EndGlobalSection
EndGlobal
